
Microsoft Visual Studio Solution File, Format Version 12.00
# Visual Studio Version 16
VisualStudioVersion = 16.0.28729.10
MinimumVisualStudioVersion = 10.0.40219.1
Project("{9A19103F-16F7-4668-BE54-9A1E7A4F7556}") = "WebApp", "WebApp\WebApp.csproj", "{2B3C1C4D-2D18-4F55-A2BB-FC57686D1C43}"
EndProject
Project("{9A19103F-16F7-4668-BE54-9A1E7A4F7556}") = "WebApi", "WebApi\WebApi.csproj", "{6407C3F6-B3C8-4F16-A364-862EE108AF01}"
EndProject
Project("{9A19103F-16F7-4668-BE54-9A1E7A4F7556}") = "WebApi-TestApp", "WebApi-TestApp\WebApi-TestApp.csproj", "{68DC8E21-A5BF-4184-8F43-3B2B953DD26C}"
EndProject
Project("{9A19103F-16F7-4668-BE54-9A1E7A4F7556}") = "Core", "Core\Core.csproj", "{AF5CD390-57C8-4F97-B904-E1EEA1B3795D}"
EndProject
Project("{FAE04EC0-301F-11D3-BF4B-00C04F79EFBC}") = "UwpApp", "UwpApp\UwpApp.csproj", "{7C987CC0-9608-418E-BDCF-57CEB05F686D}"
EndProject
Global
	GlobalSection(SolutionConfigurationPlatforms) = preSolution
		Debug|Any CPU = Debug|Any CPU
		Debug|ARM = Debug|ARM
		Debug|ARM64 = Debug|ARM64
		Debug|x64 = Debug|x64
		Debug|x86 = Debug|x86
		Release|Any CPU = Release|Any CPU
		Release|ARM = Release|ARM
		Release|ARM64 = Release|ARM64
		Release|x64 = Release|x64
		Release|x86 = Release|x86
	EndGlobalSection
	GlobalSection(ProjectConfigurationPlatforms) = postSolution
		{2B3C1C4D-2D18-4F55-A2BB-FC57686D1C43}.Debug|Any CPU.ActiveCfg = Debug|Any CPU
		{2B3C1C4D-2D18-4F55-A2BB-FC57686D1C43}.Debug|Any CPU.Build.0 = Debug|Any CPU
		{2B3C1C4D-2D18-4F55-A2BB-FC57686D1C43}.Debug|ARM.ActiveCfg = Debug|Any CPU
		{2B3C1C4D-2D18-4F55-A2BB-FC57686D1C43}.Debug|ARM64.ActiveCfg = Debug|Any CPU
		{2B3C1C4D-2D18-4F55-A2BB-FC57686D1C43}.Debug|x64.ActiveCfg = Debug|Any CPU
		{2B3C1C4D-2D18-4F55-A2BB-FC57686D1C43}.Debug|x86.ActiveCfg = Debug|Any CPU
		{2B3C1C4D-2D18-4F55-A2BB-FC57686D1C43}.Release|Any CPU.ActiveCfg = Release|Any CPU
		{2B3C1C4D-2D18-4F55-A2BB-FC57686D1C43}.Release|Any CPU.Build.0 = Release|Any CPU
		{2B3C1C4D-2D18-4F55-A2BB-FC57686D1C43}.Release|ARM.ActiveCfg = Release|Any CPU
		{2B3C1C4D-2D18-4F55-A2BB-FC57686D1C43}.Release|ARM64.ActiveCfg = Release|Any CPU
		{2B3C1C4D-2D18-4F55-A2BB-FC57686D1C43}.Release|x64.ActiveCfg = Release|Any CPU
		{2B3C1C4D-2D18-4F55-A2BB-FC57686D1C43}.Release|x86.ActiveCfg = Release|Any CPU
		{6407C3F6-B3C8-4F16-A364-862EE108AF01}.Debug|Any CPU.ActiveCfg = Debug|Any CPU
		{6407C3F6-B3C8-4F16-A364-862EE108AF01}.Debug|Any CPU.Build.0 = Debug|Any CPU
		{6407C3F6-B3C8-4F16-A364-862EE108AF01}.Debug|ARM.ActiveCfg = Debug|Any CPU
		{6407C3F6-B3C8-4F16-A364-862EE108AF01}.Debug|ARM.Build.0 = Debug|Any CPU
		{6407C3F6-B3C8-4F16-A364-862EE108AF01}.Debug|ARM64.ActiveCfg = Debug|Any CPU
		{6407C3F6-B3C8-4F16-A364-862EE108AF01}.Debug|ARM64.Build.0 = Debug|Any CPU
		{6407C3F6-B3C8-4F16-A364-862EE108AF01}.Debug|x64.ActiveCfg = Debug|Any CPU
		{6407C3F6-B3C8-4F16-A364-862EE108AF01}.Debug|x64.Build.0 = Debug|Any CPU
		{6407C3F6-B3C8-4F16-A364-862EE108AF01}.Debug|x86.ActiveCfg = Debug|Any CPU
		{6407C3F6-B3C8-4F16-A364-862EE108AF01}.Debug|x86.Build.0 = Debug|Any CPU
		{6407C3F6-B3C8-4F16-A364-862EE108AF01}.Release|Any CPU.ActiveCfg = Release|Any CPU
		{6407C3F6-B3C8-4F16-A364-862EE108AF01}.Release|Any CPU.Build.0 = Release|Any CPU
		{6407C3F6-B3C8-4F16-A364-862EE108AF01}.Release|ARM.ActiveCfg = Release|Any CPU
		{6407C3F6-B3C8-4F16-A364-862EE108AF01}.Release|ARM.Build.0 = Release|Any CPU
		{6407C3F6-B3C8-4F16-A364-862EE108AF01}.Release|ARM64.ActiveCfg = Release|Any CPU
		{6407C3F6-B3C8-4F16-A364-862EE108AF01}.Release|ARM64.Build.0 = Release|Any CPU
		{6407C3F6-B3C8-4F16-A364-862EE108AF01}.Release|x64.ActiveCfg = Release|Any CPU
		{6407C3F6-B3C8-4F16-A364-862EE108AF01}.Release|x64.Build.0 = Release|Any CPU
		{6407C3F6-B3C8-4F16-A364-862EE108AF01}.Release|x86.ActiveCfg = Release|Any CPU
		{6407C3F6-B3C8-4F16-A364-862EE108AF01}.Release|x86.Build.0 = Release|Any CPU
		{68DC8E21-A5BF-4184-8F43-3B2B953DD26C}.Debug|Any CPU.ActiveCfg = Debug|Any CPU
		{68DC8E21-A5BF-4184-8F43-3B2B953DD26C}.Debug|Any CPU.Build.0 = Debug|Any CPU
		{68DC8E21-A5BF-4184-8F43-3B2B953DD26C}.Debug|ARM.ActiveCfg = Debug|Any CPU
		{68DC8E21-A5BF-4184-8F43-3B2B953DD26C}.Debug|ARM64.ActiveCfg = Debug|Any CPU
		{68DC8E21-A5BF-4184-8F43-3B2B953DD26C}.Debug|x64.ActiveCfg = Debug|Any CPU
		{68DC8E21-A5BF-4184-8F43-3B2B953DD26C}.Debug|x86.ActiveCfg = Debug|Any CPU
		{68DC8E21-A5BF-4184-8F43-3B2B953DD26C}.Release|Any CPU.ActiveCfg = Release|Any CPU
		{68DC8E21-A5BF-4184-8F43-3B2B953DD26C}.Release|Any CPU.Build.0 = Release|Any CPU
		{68DC8E21-A5BF-4184-8F43-3B2B953DD26C}.Release|ARM.ActiveCfg = Release|Any CPU
		{68DC8E21-A5BF-4184-8F43-3B2B953DD26C}.Release|ARM64.ActiveCfg = Release|Any CPU
		{68DC8E21-A5BF-4184-8F43-3B2B953DD26C}.Release|x64.ActiveCfg = Release|Any CPU
		{68DC8E21-A5BF-4184-8F43-3B2B953DD26C}.Release|x86.ActiveCfg = Release|Any CPU
		{AF5CD390-57C8-4F97-B904-E1EEA1B3795D}.Debug|Any CPU.ActiveCfg = Debug|Any CPU
		{AF5CD390-57C8-4F97-B904-E1EEA1B3795D}.Debug|Any CPU.Build.0 = Debug|Any CPU
		{AF5CD390-57C8-4F97-B904-E1EEA1B3795D}.Debug|ARM.ActiveCfg = Debug|Any CPU
		{AF5CD390-57C8-4F97-B904-E1EEA1B3795D}.Debug|ARM.Build.0 = Debug|Any CPU
		{AF5CD390-57C8-4F97-B904-E1EEA1B3795D}.Debug|ARM64.ActiveCfg = Debug|Any CPU
		{AF5CD390-57C8-4F97-B904-E1EEA1B3795D}.Debug|ARM64.Build.0 = Debug|Any CPU
		{AF5CD390-57C8-4F97-B904-E1EEA1B3795D}.Debug|x64.ActiveCfg = Debug|Any CPU
		{AF5CD390-57C8-4F97-B904-E1EEA1B3795D}.Debug|x64.Build.0 = Debug|Any CPU
		{AF5CD390-57C8-4F97-B904-E1EEA1B3795D}.Debug|x86.ActiveCfg = Debug|Any CPU
		{AF5CD390-57C8-4F97-B904-E1EEA1B3795D}.Debug|x86.Build.0 = Debug|Any CPU
		{AF5CD390-57C8-4F97-B904-E1EEA1B3795D}.Release|Any CPU.ActiveCfg = Release|Any CPU
		{AF5CD390-57C8-4F97-B904-E1EEA1B3795D}.Release|Any CPU.Build.0 = Release|Any CPU
		{AF5CD390-57C8-4F97-B904-E1EEA1B3795D}.Release|ARM.ActiveCfg = Release|Any CPU
		{AF5CD390-57C8-4F97-B904-E1EEA1B3795D}.Release|ARM.Build.0 = Release|Any CPU
		{AF5CD390-57C8-4F97-B904-E1EEA1B3795D}.Release|ARM64.ActiveCfg = Release|Any CPU
		{AF5CD390-57C8-4F97-B904-E1EEA1B3795D}.Release|ARM64.Build.0 = Release|Any CPU
		{AF5CD390-57C8-4F97-B904-E1EEA1B3795D}.Release|x64.ActiveCfg = Release|Any CPU
		{AF5CD390-57C8-4F97-B904-E1EEA1B3795D}.Release|x64.Build.0 = Release|Any CPU
		{AF5CD390-57C8-4F97-B904-E1EEA1B3795D}.Release|x86.ActiveCfg = Release|Any CPU
		{AF5CD390-57C8-4F97-B904-E1EEA1B3795D}.Release|x86.Build.0 = Release|Any CPU
		{7C987CC0-9608-418E-BDCF-57CEB05F686D}.Debug|Any CPU.ActiveCfg = Debug|x86
		{7C987CC0-9608-418E-BDCF-57CEB05F686D}.Debug|Any CPU.Build.0 = Debug|x86
		{7C987CC0-9608-418E-BDCF-57CEB05F686D}.Debug|Any CPU.Deploy.0 = Debug|x86
		{7C987CC0-9608-418E-BDCF-57CEB05F686D}.Debug|ARM.ActiveCfg = Debug|ARM
		{7C987CC0-9608-418E-BDCF-57CEB05F686D}.Debug|ARM.Build.0 = Debug|ARM
		{7C987CC0-9608-418E-BDCF-57CEB05F686D}.Debug|ARM.Deploy.0 = Debug|ARM
		{7C987CC0-9608-418E-BDCF-57CEB05F686D}.Debug|ARM64.ActiveCfg = Debug|ARM64
		{7C987CC0-9608-418E-BDCF-57CEB05F686D}.Debug|ARM64.Build.0 = Debug|ARM64
		{7C987CC0-9608-418E-BDCF-57CEB05F686D}.Debug|ARM64.Deploy.0 = Debug|ARM64
		{7C987CC0-9608-418E-BDCF-57CEB05F686D}.Debug|x64.ActiveCfg = Debug|x64
		{7C987CC0-9608-418E-BDCF-57CEB05F686D}.Debug|x64.Build.0 = Debug|x64
		{7C987CC0-9608-418E-BDCF-57CEB05F686D}.Debug|x64.Deploy.0 = Debug|x64
		{7C987CC0-9608-418E-BDCF-57CEB05F686D}.Debug|x86.ActiveCfg = Debug|x86
		{7C987CC0-9608-418E-BDCF-57CEB05F686D}.Debug|x86.Build.0 = Debug|x86
		{7C987CC0-9608-418E-BDCF-57CEB05F686D}.Debug|x86.Deploy.0 = Debug|x86
		{7C987CC0-9608-418E-BDCF-57CEB05F686D}.Release|Any CPU.ActiveCfg = Release|x86
		{7C987CC0-9608-418E-BDCF-57CEB05F686D}.Release|ARM.ActiveCfg = Release|ARM
		{7C987CC0-9608-418E-BDCF-57CEB05F686D}.Release|ARM.Build.0 = Release|ARM
		{7C987CC0-9608-418E-BDCF-57CEB05F686D}.Release|ARM.Deploy.0 = Release|ARM
		{7C987CC0-9608-418E-BDCF-57CEB05F686D}.Release|ARM64.ActiveCfg = Release|ARM64
		{7C987CC0-9608-418E-BDCF-57CEB05F686D}.Release|ARM64.Build.0 = Release|ARM64
		{7C987CC0-9608-418E-BDCF-57CEB05F686D}.Release|ARM64.Deploy.0 = Release|ARM64
		{7C987CC0-9608-418E-BDCF-57CEB05F686D}.Release|x64.ActiveCfg = Release|x64
		{7C987CC0-9608-418E-BDCF-57CEB05F686D}.Release|x64.Build.0 = Release|x64
		{7C987CC0-9608-418E-BDCF-57CEB05F686D}.Release|x64.Deploy.0 = Release|x64
		{7C987CC0-9608-418E-BDCF-57CEB05F686D}.Release|x86.ActiveCfg = Release|x86
		{7C987CC0-9608-418E-BDCF-57CEB05F686D}.Release|x86.Build.0 = Release|x86
		{7C987CC0-9608-418E-BDCF-57CEB05F686D}.Release|x86.Deploy.0 = Release|x86
	EndGlobalSection
	GlobalSection(SolutionProperties) = preSolution
		HideSolutionNode = FALSE
	EndGlobalSection
	GlobalSection(ExtensibilityGlobals) = postSolution
		SolutionGuid = {329E2D96-3F54-4980-83C1-FCF1C3DF9F34}
	EndGlobalSection
EndGlobal
